
Microsoft Visual Studio Solution File, Format Version 12.00
# Visual Studio 15
Project("{FAE04EC0-301F-11D3-BF4B-00C04F79EFBC}") = "Gyro", "Assembly-CSharp.csproj", "{2AAAE464-4D78-F93B-18AA-25604E141BF5}"
EndProject
Project("{FAE04EC0-301F-11D3-BF4B-00C04F79EFBC}") = "Gyro", "Assembly-CSharp-Editor.csproj", "{B43E17AB-E9E3-7E4F-3D25-962F219F9AA5}"
EndProject
Global
	GlobalSection(SolutionConfigurationPlatforms) = preSolution
		Debug|Any CPU = Debug|Any CPU
		Release|Any CPU = Release|Any CPU
	EndGlobalSection
	GlobalSection(ProjectConfigurationPlatforms) = postSolution
		{2AAAE464-4D78-F93B-18AA-25604E141BF5}.Debug|Any CPU.ActiveCfg = Debug|Any CPU
		{2AAAE464-4D78-F93B-18AA-25604E141BF5}.Debug|Any CPU.Build.0 = Debug|Any CPU
		{2AAAE464-4D78-F93B-18AA-25604E141BF5}.Release|Any CPU.ActiveCfg = Release|Any CPU
		{2AAAE464-4D78-F93B-18AA-25604E141BF5}.Release|Any CPU.Build.0 = Release|Any CPU
		{B43E17AB-E9E3-7E4F-3D25-962F219F9AA5}.Debug|Any CPU.ActiveCfg = Debug|Any CPU
		{B43E17AB-E9E3-7E4F-3D25-962F219F9AA5}.Debug|Any CPU.Build.0 = Debug|Any CPU
		{B43E17AB-E9E3-7E4F-3D25-962F219F9AA5}.Release|Any CPU.ActiveCfg = Release|Any CPU
		{B43E17AB-E9E3-7E4F-3D25-962F219F9AA5}.Release|Any CPU.Build.0 = Release|Any CPU
	EndGlobalSection
	GlobalSection(SolutionProperties) = preSolution
		HideSolutionNode = FALSE
	EndGlobalSection
EndGlobal
